
Microsoft Visual Studio Solution File, Format Version 12.00
# Visual Studio Version 16
VisualStudioVersion = 16.0.31729.503
MinimumVisualStudioVersion = 10.0.40219.1
Project("{FAE04EC0-301F-11D3-BF4B-00C04F79EFBC}") = "PaGaApp", "PaGaApp\PaGaApp.csproj", "{F0AD30EF-221D-4CBB-9F4F-03126FE44A6B}"
EndProject
Global
	GlobalSection(SolutionConfigurationPlatforms) = preSolution
		Debug|Any CPU = Debug|Any CPU
		Release|Any CPU = Release|Any CPU
	EndGlobalSection
	GlobalSection(ProjectConfigurationPlatforms) = postSolution
		{F0AD30EF-221D-4CBB-9F4F-03126FE44A6B}.Debug|Any CPU.ActiveCfg = Debug|Any CPU
		{F0AD30EF-221D-4CBB-9F4F-03126FE44A6B}.Debug|Any CPU.Build.0 = Debug|Any CPU
		{F0AD30EF-221D-4CBB-9F4F-03126FE44A6B}.Release|Any CPU.ActiveCfg = Release|Any CPU
		{F0AD30EF-221D-4CBB-9F4F-03126FE44A6B}.Release|Any CPU.Build.0 = Release|Any CPU
	EndGlobalSection
	GlobalSection(SolutionProperties) = preSolution
		HideSolutionNode = FALSE
	EndGlobalSection
	GlobalSection(ExtensibilityGlobals) = postSolution
		SolutionGuid = {BA28A8B4-DA3A-4E80-9E82-F84EAC02E8F8}
	EndGlobalSection
EndGlobal
